
Microsoft Visual Studio Solution File, Format Version 11.00
# Visual Studio 2010
Project("{FAE04EC0-301F-11D3-BF4B-00C04F79EFBC}") = "HelloMethod", "HelloMethod\HelloMethod.csproj", "{EACC8A70-DAE7-4596-86DE-C530DA665FE6}"
EndProject
Project("{FAE04EC0-301F-11D3-BF4B-00C04F79EFBC}") = "BiggerOfTwoIntegers", "BiggerOfTwoIntegers\BiggerOfTwoIntegers.csproj", "{FAEDFD6B-4E18-4A05-83E2-5B8205C1EFEB}"
EndProject
Project("{FAE04EC0-301F-11D3-BF4B-00C04F79EFBC}") = "LastDigit", "LastDigit\LastDigit.csproj", "{D0E38BE2-008D-4664-AB84-AC285ED4A3B8}"
EndProject
Project("{FAE04EC0-301F-11D3-BF4B-00C04F79EFBC}") = "CountArrayElement", "CountArrayElement\CountArrayElement.csproj", "{B0292101-8FA0-42DA-A77A-02241B70F37C}"
EndProject
Project("{FAE04EC0-301F-11D3-BF4B-00C04F79EFBC}") = "NeighborElements", "NeighborElements\NeighborElements.csproj", "{E8F05FFE-9B8B-465E-9B32-E911F6AFAB45}"
EndProject
Project("{FAE04EC0-301F-11D3-BF4B-00C04F79EFBC}") = "NeighborElements2", "NeighborElements2\NeighborElements2.csproj", "{15DBD24A-7C2E-41DF-89DE-981A0318D48E}"
EndProject
Project("{FAE04EC0-301F-11D3-BF4B-00C04F79EFBC}") = "StringReversion", "StringReversion\StringReversion.csproj", "{3EE8769F-DDCC-48EB-9976-7D32B1FB5753}"
EndProject
Project("{FAE04EC0-301F-11D3-BF4B-00C04F79EFBC}") = "SumArrayNumbers", "SumArrayNumbers\SumArrayNumbers.csproj", "{1D44AB01-4373-4BCC-9158-FCB98FC25928}"
EndProject
Project("{FAE04EC0-301F-11D3-BF4B-00C04F79EFBC}") = "SortArray", "SortArray\SortArray.csproj", "{56D13A82-4B5C-4318-B0E8-9B5DA55529D4}"
EndProject
Project("{FAE04EC0-301F-11D3-BF4B-00C04F79EFBC}") = "PirntFactorialNumbers", "PirntFactorialNumbers\PirntFactorialNumbers.csproj", "{143C1151-525D-45B5-A13B-E5B1A6264F07}"
EndProject
Project("{FAE04EC0-301F-11D3-BF4B-00C04F79EFBC}") = "SetOfIntegerNumbers", "SetOfIntegerNumbers\SetOfIntegerNumbers.csproj", "{12F1E259-5329-4E7C-8F01-6AA7D279F819}"
EndProject
Global
	GlobalSection(SolutionConfigurationPlatforms) = preSolution
		Debug|x86 = Debug|x86
		Release|x86 = Release|x86
	EndGlobalSection
	GlobalSection(ProjectConfigurationPlatforms) = postSolution
		{EACC8A70-DAE7-4596-86DE-C530DA665FE6}.Debug|x86.ActiveCfg = Debug|x86
		{EACC8A70-DAE7-4596-86DE-C530DA665FE6}.Debug|x86.Build.0 = Debug|x86
		{EACC8A70-DAE7-4596-86DE-C530DA665FE6}.Release|x86.ActiveCfg = Release|x86
		{EACC8A70-DAE7-4596-86DE-C530DA665FE6}.Release|x86.Build.0 = Release|x86
		{FAEDFD6B-4E18-4A05-83E2-5B8205C1EFEB}.Debug|x86.ActiveCfg = Debug|x86
		{FAEDFD6B-4E18-4A05-83E2-5B8205C1EFEB}.Debug|x86.Build.0 = Debug|x86
		{FAEDFD6B-4E18-4A05-83E2-5B8205C1EFEB}.Release|x86.ActiveCfg = Release|x86
		{FAEDFD6B-4E18-4A05-83E2-5B8205C1EFEB}.Release|x86.Build.0 = Release|x86
		{D0E38BE2-008D-4664-AB84-AC285ED4A3B8}.Debug|x86.ActiveCfg = Debug|x86
		{D0E38BE2-008D-4664-AB84-AC285ED4A3B8}.Debug|x86.Build.0 = Debug|x86
		{D0E38BE2-008D-4664-AB84-AC285ED4A3B8}.Release|x86.ActiveCfg = Release|x86
		{D0E38BE2-008D-4664-AB84-AC285ED4A3B8}.Release|x86.Build.0 = Release|x86
		{B0292101-8FA0-42DA-A77A-02241B70F37C}.Debug|x86.ActiveCfg = Debug|x86
		{B0292101-8FA0-42DA-A77A-02241B70F37C}.Debug|x86.Build.0 = Debug|x86
		{B0292101-8FA0-42DA-A77A-02241B70F37C}.Release|x86.ActiveCfg = Release|x86
		{B0292101-8FA0-42DA-A77A-02241B70F37C}.Release|x86.Build.0 = Release|x86
		{E8F05FFE-9B8B-465E-9B32-E911F6AFAB45}.Debug|x86.ActiveCfg = Debug|x86
		{E8F05FFE-9B8B-465E-9B32-E911F6AFAB45}.Debug|x86.Build.0 = Debug|x86
		{E8F05FFE-9B8B-465E-9B32-E911F6AFAB45}.Release|x86.ActiveCfg = Release|x86
		{E8F05FFE-9B8B-465E-9B32-E911F6AFAB45}.Release|x86.Build.0 = Release|x86
		{15DBD24A-7C2E-41DF-89DE-981A0318D48E}.Debug|x86.ActiveCfg = Debug|x86
		{15DBD24A-7C2E-41DF-89DE-981A0318D48E}.Debug|x86.Build.0 = Debug|x86
		{15DBD24A-7C2E-41DF-89DE-981A0318D48E}.Release|x86.ActiveCfg = Release|x86
		{15DBD24A-7C2E-41DF-89DE-981A0318D48E}.Release|x86.Build.0 = Release|x86
		{3EE8769F-DDCC-48EB-9976-7D32B1FB5753}.Debug|x86.ActiveCfg = Debug|x86
		{3EE8769F-DDCC-48EB-9976-7D32B1FB5753}.Debug|x86.Build.0 = Debug|x86
		{3EE8769F-DDCC-48EB-9976-7D32B1FB5753}.Release|x86.ActiveCfg = Release|x86
		{3EE8769F-DDCC-48EB-9976-7D32B1FB5753}.Release|x86.Build.0 = Release|x86
		{1D44AB01-4373-4BCC-9158-FCB98FC25928}.Debug|x86.ActiveCfg = Debug|x86
		{1D44AB01-4373-4BCC-9158-FCB98FC25928}.Debug|x86.Build.0 = Debug|x86
		{1D44AB01-4373-4BCC-9158-FCB98FC25928}.Release|x86.ActiveCfg = Release|x86
		{1D44AB01-4373-4BCC-9158-FCB98FC25928}.Release|x86.Build.0 = Release|x86
		{56D13A82-4B5C-4318-B0E8-9B5DA55529D4}.Debug|x86.ActiveCfg = Debug|x86
		{56D13A82-4B5C-4318-B0E8-9B5DA55529D4}.Debug|x86.Build.0 = Debug|x86
		{56D13A82-4B5C-4318-B0E8-9B5DA55529D4}.Release|x86.ActiveCfg = Release|x86
		{56D13A82-4B5C-4318-B0E8-9B5DA55529D4}.Release|x86.Build.0 = Release|x86
		{143C1151-525D-45B5-A13B-E5B1A6264F07}.Debug|x86.ActiveCfg = Debug|x86
		{143C1151-525D-45B5-A13B-E5B1A6264F07}.Debug|x86.Build.0 = Debug|x86
		{143C1151-525D-45B5-A13B-E5B1A6264F07}.Release|x86.ActiveCfg = Release|x86
		{143C1151-525D-45B5-A13B-E5B1A6264F07}.Release|x86.Build.0 = Release|x86
		{12F1E259-5329-4E7C-8F01-6AA7D279F819}.Debug|x86.ActiveCfg = Debug|x86
		{12F1E259-5329-4E7C-8F01-6AA7D279F819}.Debug|x86.Build.0 = Debug|x86
		{12F1E259-5329-4E7C-8F01-6AA7D279F819}.Release|x86.ActiveCfg = Release|x86
		{12F1E259-5329-4E7C-8F01-6AA7D279F819}.Release|x86.Build.0 = Release|x86
	EndGlobalSection
	GlobalSection(SolutionProperties) = preSolution
		HideSolutionNode = FALSE
	EndGlobalSection
EndGlobal
